{
  "name": "hardhat-project",
  "requires": true,
  "lockfileVersion": 1,
  "dependencies": {
    "@nomiclabs/hardhat-waffle": {
      "version": "2.0.3",
      "resolved": "https://registry.npmjs.org/@nomiclabs/hardhat-waffle/-/hardhat-waffle-2.0.3.tgz",
      "integrity": "sha512-049PHSnI1CZq6+XTbrMbMv5NaL7cednTfPenx02k3cEh8wBMLa6ys++dBETJa6JjfwgA9nBhhHQ173LJv6k2Pg==",
      "requires": {
        "@types/sinon-chai": "^3.2.3",
        "@types/web3": "1.0.19"
      }
    },
    "@types/bn.js": {
      "version": "5.1.0",
      "resolved": "https://registry.npmjs.org/@types/bn.js/-/bn.js-5.1.0.tgz",
      "integrity": "sha512-QSSVYj7pYFN49kW77o2s9xTCwZ8F2xLbjLLSEVh8D2F4JUhZtPAGOFLTD+ffqksBx/u4cE/KImFjyhqCjn/LIA==",
      "requires": {
        "@types/node": "*"
      }
    },
    "@types/chai": {
      "version": "4.3.0",
      "resolved": "https://registry.npmjs.org/@types/chai/-/chai-4.3.0.tgz",
      "integrity": "sha512-/ceqdqeRraGolFTcfoXNiqjyQhZzbINDngeoAq9GoHa8PPK1yNzTaxWjA6BFWp5Ua9JpXEMSS4s5i9tS0hOJtw=="
    },
    "@types/node": {
      "version": "17.0.21",
      "resolved": "https://registry.npmjs.org/@types/node/-/node-17.0.21.tgz",
      "integrity": "sha512-DBZCJbhII3r90XbQxI8Y9IjjiiOGlZ0Hr32omXIZvwwZ7p4DMMXGrKXVyPfuoBOri9XNtL0UK69jYIBIsRX3QQ=="
    },
    "@types/sinon": {
      "version": "10.0.11",
      "resolved": "https://registry.npmjs.org/@types/sinon/-/sinon-10.0.11.tgz",
      "integrity": "sha512-dmZsHlBsKUtBpHriNjlK0ndlvEh8dcb9uV9Afsbt89QIyydpC7NcR+nWlAhASfy3GHnxTl4FX/aKE7XZUt/B4g==",
      "requires": {
        "@types/sinonjs__fake-timers": "*"
      }
    },
    "@types/sinon-chai": {
      "version": "3.2.8",
      "resolved": "https://registry.npmjs.org/@types/sinon-chai/-/sinon-chai-3.2.8.tgz",
      "integrity": "sha512-d4ImIQbT/rKMG8+AXpmcan5T2/PNeSjrYhvkwet6z0p8kzYtfgA32xzOBlbU0yqJfq+/0Ml805iFoODO0LP5/g==",
      "requires": {
        "@types/chai": "*",
        "@types/sinon": "*"
      }
    },
    "@types/sinonjs__fake-timers": {
      "version": "8.1.1",
      "resolved": "https://registry.npmjs.org/@types/sinonjs__fake-timers/-/sinonjs__fake-timers-8.1.1.tgz",
      "integrity": "sha512-0kSuKjAS0TrGLJ0M/+8MaFkGsQhZpB6pxOmvS3K8FYI72K//YmdfoW9X2qPsAKh1mkwxGD5zib9s1FIFed6E8g=="
    },
    "@types/underscore": {
      "version": "1.11.4",
      "resolved": "https://registry.npmjs.org/@types/underscore/-/underscore-1.11.4.tgz",
      "integrity": "sha512-uO4CD2ELOjw8tasUrAhvnn2W4A0ZECOvMjCivJr4gA9pGgjv+qxKWY9GLTMVEK8ej85BxQOocUyE7hImmSQYcg=="
    },
    "@types/web3": {
      "version": "1.0.19",
      "resolved": "https://registry.npmjs.org/@types/web3/-/web3-1.0.19.tgz",
      "integrity": "sha512-fhZ9DyvDYDwHZUp5/STa9XW2re0E8GxoioYJ4pEUZ13YHpApSagixj7IAdoYH5uAK+UalGq6Ml8LYzmgRA/q+A==",
      "requires": {
        "@types/bn.js": "*",
        "@types/underscore": "*"
      }
    }
  }
}
